Microsoft Visual Studio Solution File, Format Version 11.00
# Visual Studio 2008

Project("{8355DBAB-785D-513F-069A-2ED744272555}") = "Tenvi", "Assembly-CSharp-vs.csproj", "{AF9B0F9F-0412-F36A-01FD-44E228478692}"
EndProject
Global
	GlobalSection(SolutionConfigurationPlatforms) = preSolution
		Debug|Any CPU = Debug|Any CPU
		Release|Any CPU = Release|Any CPU
	EndGlobalSection
	GlobalSection(ProjectConfigurationPlatforms) = postSolution
		{AF9B0F9F-0412-F36A-01FD-44E228478692}.Debug|Any CPU.ActiveCfg = Debug|Any CPU
		{AF9B0F9F-0412-F36A-01FD-44E228478692}.Debug|Any CPU.Build.0 = Debug|Any CPU
		{AF9B0F9F-0412-F36A-01FD-44E228478692}.Release|Any CPU.ActiveCfg = Release|Any CPU
		{AF9B0F9F-0412-F36A-01FD-44E228478692}.Release|Any CPU.Build.0 = Release|Any CPU
	EndGlobalSection
	GlobalSection(SolutionProperties) = preSolution
		HideSolutionNode = FALSE
	EndGlobalSection
																																																										GlobalSection(MonoDevelopProperties) = preSolution
		StartupItem = Assembly-CSharp.csproj
		Policies = $0
		$0.TextStylePolicy = $1
		$1.inheritsSet = null
		$1.scope = text/x-csharp
		$0.CSharpFormattingPolicy = $2
		$2.inheritsSet = Mono
		$2.inheritsScope = text/x-csharp
		$2.scope = text/x-csharp
		$0.TextStylePolicy = $3
		$3.FileWidth = 120
		$3.TabWidth = 4
		$3.EolMarker = Unix
		$3.inheritsSet = Mono
		$3.inheritsScope = text/plain
		$3.scope = text/plain
	EndGlobalSection

EndGlobal
